// !$*UTF8*$!
{
	archiveVersion = 1;
	classes = {
	};
	objectVersion = 46;
	objects = {

/* Begin PBXBuildFile section */
		3179179893219730074D50D3 /* Pods_FlickrSearchUITests.framework in Frameworks */ = {isa = PBXBuildFile; fileRef = 042E0F245D512CB8F8A79222 /* Pods_FlickrSearchUITests.framework */; };
		90B80ADCE9B939177045FF40 /* Pods_FlickrSearch.framework in Frameworks */ = {isa = PBXBuildFile; fileRef = B415184B9AB19B90218F56A8 /* Pods_FlickrSearch.framework */; };
		A0605D7CAF26439F14F63A28 /* Pods_FlickrSearchTests.framework in Frameworks */ = {isa = PBXBuildFile; fileRef = EB874EAE8AAB63A5385C4124 /* Pods_FlickrSearchTests.framework */; };
		E5EE34FD1EF41C36000B190A /* AppDelegate.swift in Sources */ = {isa = PBXBuildFile; fileRef = E5EE34FC1EF41C36000B190A /* AppDelegate.swift */; };
		E5EE34FF1EF41C36000B190A /* ViewController.swift in Sources */ = {isa = PBXBuildFile; fileRef = E5EE34FE1EF41C36000B190A /* ViewController.swift */; };
		E5EE35021EF41C36000B190A /* Main.storyboard in Resources */ = {isa = PBXBuildFile; fileRef = E5EE35001EF41C36000B190A /* Main.storyboard */; };
		E5EE35041EF41C36000B190A /* Assets.xcassets in Resources */ = {isa = PBXBuildFile; fileRef = E5EE35031EF41C36000B190A /* Assets.xcassets */; };
		E5EE35071EF41C36000B190A /* LaunchScreen.storyboard in Resources */ = {isa = PBXBuildFile; fileRef = E5EE35051EF41C36000B190A /* LaunchScreen.storyboard */; };
		E5EE351D1EF41C36000B190A /* FlickrSearchUITests.swift in Sources */ = {isa = PBXBuildFile; fileRef = E5EE351C1EF41C36000B190A /* FlickrSearchUITests.swift */; };
		E5EE352C1EF42BA7000B190A /* NetworkLayerProtocols.swift in Sources */ = {isa = PBXBuildFile; fileRef = E5EE352B1EF42BA7000B190A /* NetworkLayerProtocols.swift */; };
		E5EE352E1EF42BF3000B190A /* NetworkConstants.swift in Sources */ = {isa = PBXBuildFile; fileRef = E5EE352D1EF42BF3000B190A /* NetworkConstants.swift */; };
		E5EE35301EF42C2D000B190A /* StrictMappable.swift in Sources */ = {isa = PBXBuildFile; fileRef = E5EE352F1EF42C2D000B190A /* StrictMappable.swift */; };
		E5EE35321EF42C60000B190A /* GenericResponseHandler.swift in Sources */ = {isa = PBXBuildFile; fileRef = E5EE35311EF42C60000B190A /* GenericResponseHandler.swift */; };
		E5EE35351EF42CA7000B190A /* RequestManager.swift in Sources */ = {isa = PBXBuildFile; fileRef = E5EE35341EF42CA7000B190A /* RequestManager.swift */; };
		E5EE35371EF42CDB000B190A /* FlickrService.swift in Sources */ = {isa = PBXBuildFile; fileRef = E5EE35361EF42CDB000B190A /* FlickrService.swift */; };
		E5EE35391EF42CFD000B190A /* GetImageListRequestModels.swift in Sources */ = {isa = PBXBuildFile; fileRef = E5EE35381EF42CFD000B190A /* GetImageListRequestModels.swift */; };
		E5EE353B1EF459FA000B190A /* JsonParsingTests.swift in Sources */ = {isa = PBXBuildFile; fileRef = E5EE353A1EF459FA000B190A /* JsonParsingTests.swift */; };
		E5EE353D1EF45A4D000B190A /* ImageSearchResult.json in Resources */ = {isa = PBXBuildFile; fileRef = E5EE353C1EF45A4D000B190A /* ImageSearchResult.json */; };
/* End PBXBuildFile section */

/* Begin PBXContainerItemProxy section */
		E5EE350E1EF41C36000B190A /* PBXContainerItemProxy */ = {
			isa = PBXContainerItemProxy;
			containerPortal = E5EE34F11EF41C36000B190A /* Project object */;
			proxyType = 1;
			remoteGlobalIDString = E5EE34F81EF41C36000B190A;
			remoteInfo = FlickrSearch;
		};
		E5EE35191EF41C36000B190A /* PBXContainerItemProxy */ = {
			isa = PBXContainerItemProxy;
			containerPortal = E5EE34F11EF41C36000B190A /* Project object */;
			proxyType = 1;
			remoteGlobalIDString = E5EE34F81EF41C36000B190A;
			remoteInfo = FlickrSearch;
		};
/* End PBXContainerItemProxy section */

/* Begin PBXFileReference section */
		004DB37B14014CC7A8FA0ACC /* Pods-FlickrSearch.debug.xcconfig */ = {isa = PBXFileReference; includeInIndex = 1; lastKnownFileType = text.xcconfig; name = "Pods-FlickrSearch.debug.xcconfig"; path = "Pods/Target Support Files/Pods-FlickrSearch/Pods-FlickrSearch.debug.xcconfig"; sourceTree = "<group>"; };
		042E0F245D512CB8F8A79222 /* Pods_FlickrSearchUITests.framework */ = {isa = PBXFileReference; explicitFileType = wrapper.framework; includeInIndex = 0; path = Pods_FlickrSearchUITests.framework; sourceTree = BUILT_PRODUCTS_DIR; };
		1BEC497E626FB502848D65D0 /* Pods-FlickrSearch.release.xcconfig */ = {isa = PBXFileReference; includeInIndex = 1; lastKnownFileType = text.xcconfig; name = "Pods-FlickrSearch.release.xcconfig"; path = "Pods/Target Support Files/Pods-FlickrSearch/Pods-FlickrSearch.release.xcconfig"; sourceTree = "<group>"; };
		508795293F418ED2B8DA72F9 /* Pods-FlickrSearchUITests.release.xcconfig */ = {isa = PBXFileReference; includeInIndex = 1; lastKnownFileType = text.xcconfig; name = "Pods-FlickrSearchUITests.release.xcconfig"; path = "Pods/Target Support Files/Pods-FlickrSearchUITests/Pods-FlickrSearchUITests.release.xcconfig"; sourceTree = "<group>"; };
		B415184B9AB19B90218F56A8 /* Pods_FlickrSearch.framework */ = {isa = PBXFileReference; explicitFileType = wrapper.framework; includeInIndex = 0; path = Pods_FlickrSearch.framework; sourceTree = BUILT_PRODUCTS_DIR; };
		CCD9C8BBDBE1F54480177953 /* Pods-FlickrSearchTests.release.xcconfig */ = {isa = PBXFileReference; includeInIndex = 1; lastKnownFileType = text.xcconfig; name = "Pods-FlickrSearchTests.release.xcconfig"; path = "Pods/Target Support Files/Pods-FlickrSearchTests/Pods-FlickrSearchTests.release.xcconfig"; sourceTree = "<group>"; };
		E5EE34F91EF41C36000B190A /* FlickrSearch.app */ = {isa = PBXFileReference; explicitFileType = wrapper.application; includeInIndex = 0; path = FlickrSearch.app; sourceTree = BUILT_PRODUCTS_DIR; };
		E5EE34FC1EF41C36000B190A /* AppDelegate.swift */ = {isa = PBXFileReference; lastKnownFileType = sourcecode.swift; path = AppDelegate.swift; sourceTree = "<group>"; };
		E5EE34FE1EF41C36000B190A /* ViewController.swift */ = {isa = PBXFileReference; lastKnownFileType = sourcecode.swift; path = ViewController.swift; sourceTree = "<group>"; };
		E5EE35011EF41C36000B190A /* Base */ = {isa = PBXFileReference; lastKnownFileType = file.storyboard; name = Base; path = Base.lproj/Main.storyboard; sourceTree = "<group>"; };
		E5EE35031EF41C36000B190A /* Assets.xcassets */ = {isa = PBXFileReference; lastKnownFileType = folder.assetcatalog; path = Assets.xcassets; sourceTree = "<group>"; };
		E5EE35061EF41C36000B190A /* Base */ = {isa = PBXFileReference; lastKnownFileType = file.storyboard; name = Base; path = Base.lproj/LaunchScreen.storyboard; sourceTree = "<group>"; };
		E5EE35081EF41C36000B190A /* Info.plist */ = {isa = PBXFileReference; lastKnownFileType = text.plist.xml; path = Info.plist; sourceTree = "<group>"; };
		E5EE350D1EF41C36000B190A /* FlickrSearchTests.xctest */ = {isa = PBXFileReference; explicitFileType = wrapper.cfbundle; includeInIndex = 0; path = FlickrSearchTests.xctest; sourceTree = BUILT_PRODUCTS_DIR; };
		E5EE35131EF41C36000B190A /* Info.plist */ = {isa = PBXFileReference; lastKnownFileType = text.plist.xml; path = Info.plist; sourceTree = "<group>"; };
		E5EE35181EF41C36000B190A /* FlickrSearchUITests.xctest */ = {isa = PBXFileReference; explicitFileType = wrapper.cfbundle; includeInIndex = 0; path = FlickrSearchUITests.xctest; sourceTree = BUILT_PRODUCTS_DIR; };
		E5EE351C1EF41C36000B190A /* FlickrSearchUITests.swift */ = {isa = PBXFileReference; lastKnownFileType = sourcecode.swift; path = FlickrSearchUITests.swift; sourceTree = "<group>"; };
		E5EE351E1EF41C36000B190A /* Info.plist */ = {isa = PBXFileReference; lastKnownFileType = text.plist.xml; path = Info.plist; sourceTree = "<group>"; };
		E5EE352B1EF42BA7000B190A /* NetworkLayerProtocols.swift */ = {isa = PBXFileReference; fileEncoding = 4; lastKnownFileType = sourcecode.swift; path = NetworkLayerProtocols.swift; sourceTree = "<group>"; };
		E5EE352D1EF42BF3000B190A /* NetworkConstants.swift */ = {isa = PBXFileReference; fileEncoding = 4; lastKnownFileType = sourcecode.swift; name = NetworkConstants.swift; path = ../NetworkConstants.swift; sourceTree = "<group>"; };
		E5EE352F1EF42C2D000B190A /* StrictMappable.swift */ = {isa = PBXFileReference; fileEncoding = 4; lastKnownFileType = sourcecode.swift; path = StrictMappable.swift; sourceTree = "<group>"; };
		E5EE35311EF42C60000B190A /* GenericResponseHandler.swift */ = {isa = PBXFileReference; fileEncoding = 4; lastKnownFileType = sourcecode.swift; path = GenericResponseHandler.swift; sourceTree = "<group>"; };
		E5EE35341EF42CA7000B190A /* RequestManager.swift */ = {isa = PBXFileReference; fileEncoding = 4; lastKnownFileType = sourcecode.swift; path = RequestManager.swift; sourceTree = "<group>"; };
		E5EE35361EF42CDB000B190A /* FlickrService.swift */ = {isa = PBXFileReference; fileEncoding = 4; lastKnownFileType = sourcecode.swift; path = FlickrService.swift; sourceTree = "<group>"; };
		E5EE35381EF42CFD000B190A /* GetImageListRequestModels.swift */ = {isa = PBXFileReference; fileEncoding = 4; lastKnownFileType = sourcecode.swift; path = GetImageListRequestModels.swift; sourceTree = "<group>"; };
		E5EE353A1EF459FA000B190A /* JsonParsingTests.swift */ = {isa = PBXFileReference; fileEncoding = 4; lastKnownFileType = sourcecode.swift; path = JsonParsingTests.swift; sourceTree = "<group>"; };
		E5EE353C1EF45A4D000B190A /* ImageSearchResult.json */ = {isa = PBXFileReference; fileEncoding = 4; lastKnownFileType = text.json; path = ImageSearchResult.json; sourceTree = "<group>"; };
		E8C6CE129E5E9814A961AABB /* Pods-FlickrSearchUITests.debug.xcconfig */ = {isa = PBXFileReference; includeInIndex = 1; lastKnownFileType = text.xcconfig; name = "Pods-FlickrSearchUITests.debug.xcconfig"; path = "Pods/Target Support Files/Pods-FlickrSearchUITests/Pods-FlickrSearchUITests.debug.xcconfig"; sourceTree = "<group>"; };
		EB874EAE8AAB63A5385C4124 /* Pods_FlickrSearchTests.framework */ = {isa = PBXFileReference; explicitFileType = wrapper.framework; includeInIndex = 0; path = Pods_FlickrSearchTests.framework; sourceTree = BUILT_PRODUCTS_DIR; };
		F680A9DF391C53404614C15D /* Pods-FlickrSearchTests.debug.xcconfig */ = {isa = PBXFileReference; includeInIndex = 1; lastKnownFileType = text.xcconfig; name = "Pods-FlickrSearchTests.debug.xcconfig"; path = "Pods/Target Support Files/Pods-FlickrSearchTests/Pods-FlickrSearchTests.debug.xcconfig"; sourceTree = "<group>"; };
/* End PBXFileReference section */

/* Begin PBXFrameworksBuildPhase section */
		E5EE34F61EF41C36000B190A /* Frameworks */ = {
			isa = PBXFrameworksBuildPhase;
			buildActionMask = 2147483647;
			files = (
				90B80ADCE9B939177045FF40 /* Pods_FlickrSearch.framework in Frameworks */,
			);
			runOnlyForDeploymentPostprocessing = 0;
		};
		E5EE350A1EF41C36000B190A /* Frameworks */ = {
			isa = PBXFrameworksBuildPhase;
			buildActionMask = 2147483647;
			files = (
				A0605D7CAF26439F14F63A28 /* Pods_FlickrSearchTests.framework in Frameworks */,
			);
			runOnlyForDeploymentPostprocessing = 0;
		};
		E5EE35151EF41C36000B190A /* Frameworks */ = {
			isa = PBXFrameworksBuildPhase;
			buildActionMask = 2147483647;
			files = (
				3179179893219730074D50D3 /* Pods_FlickrSearchUITests.framework in Frameworks */,
			);
			runOnlyForDeploymentPostprocessing = 0;
		};
/* End PBXFrameworksBuildPhase section */

/* Begin PBXGroup section */
		6E3A3F6EC18D5B88F85D9056 /* Pods */ = {
			isa = PBXGroup;
			children = (
				004DB37B14014CC7A8FA0ACC /* Pods-FlickrSearch.debug.xcconfig */,
				1BEC497E626FB502848D65D0 /* Pods-FlickrSearch.release.xcconfig */,
				F680A9DF391C53404614C15D /* Pods-FlickrSearchTests.debug.xcconfig */,
				CCD9C8BBDBE1F54480177953 /* Pods-FlickrSearchTests.release.xcconfig */,
				E8C6CE129E5E9814A961AABB /* Pods-FlickrSearchUITests.debug.xcconfig */,
				508795293F418ED2B8DA72F9 /* Pods-FlickrSearchUITests.release.xcconfig */,
			);
			name = Pods;
			sourceTree = "<group>";
		};
		A135C115D90CFEC2518678E2 /* Frameworks */ = {
			isa = PBXGroup;
			children = (
				B415184B9AB19B90218F56A8 /* Pods_FlickrSearch.framework */,
				EB874EAE8AAB63A5385C4124 /* Pods_FlickrSearchTests.framework */,
				042E0F245D512CB8F8A79222 /* Pods_FlickrSearchUITests.framework */,
			);
			name = Frameworks;
			sourceTree = "<group>";
		};
		E5EE34F01EF41C36000B190A = {
			isa = PBXGroup;
			children = (
				E5EE34FB1EF41C36000B190A /* FlickrSearch */,
				E5EE35101EF41C36000B190A /* FlickrSearchTests */,
				E5EE351B1EF41C36000B190A /* FlickrSearchUITests */,
				E5EE34FA1EF41C36000B190A /* Products */,
				6E3A3F6EC18D5B88F85D9056 /* Pods */,
				A135C115D90CFEC2518678E2 /* Frameworks */,
			);
			sourceTree = "<group>";
		};
		E5EE34FA1EF41C36000B190A /* Products */ = {
			isa = PBXGroup;
			children = (
				E5EE34F91EF41C36000B190A /* FlickrSearch.app */,
				E5EE350D1EF41C36000B190A /* FlickrSearchTests.xctest */,
				E5EE35181EF41C36000B190A /* FlickrSearchUITests.xctest */,
			);
			name = Products;
			sourceTree = "<group>";
		};
		E5EE34FB1EF41C36000B190A /* FlickrSearch */ = {
			isa = PBXGroup;
			children = (
				E5EE352A1EF42B49000B190A /* NetworkLayer */,
				E5EE34FC1EF41C36000B190A /* AppDelegate.swift */,
				E5EE34FE1EF41C36000B190A /* ViewController.swift */,
				E5EE35001EF41C36000B190A /* Main.storyboard */,
				E5EE35031EF41C36000B190A /* Assets.xcassets */,
				E5EE35051EF41C36000B190A /* LaunchScreen.storyboard */,
				E5EE35081EF41C36000B190A /* Info.plist */,
			);
			path = FlickrSearch;
			sourceTree = "<group>";
		};
		E5EE35101EF41C36000B190A /* FlickrSearchTests */ = {
			isa = PBXGroup;
			children = (
				E5EE353A1EF459FA000B190A /* JsonParsingTests.swift */,
				E5EE353C1EF45A4D000B190A /* ImageSearchResult.json */,
				E5EE35131EF41C36000B190A /* Info.plist */,
			);
			path = FlickrSearchTests;
			sourceTree = "<group>";
		};
		E5EE351B1EF41C36000B190A /* FlickrSearchUITests */ = {
			isa = PBXGroup;
			children = (
				E5EE351C1EF41C36000B190A /* FlickrSearchUITests.swift */,
				E5EE351E1EF41C36000B190A /* Info.plist */,
			);
			path = FlickrSearchUITests;
			sourceTree = "<group>";
		};
		E5EE352A1EF42B49000B190A /* NetworkLayer */ = {
			isa = PBXGroup;
			children = (
				E5EE35331EF42C8F000B190A /* ApiModel */,
				E5EE352B1EF42BA7000B190A /* NetworkLayerProtocols.swift */,
				E5EE352F1EF42C2D000B190A /* StrictMappable.swift */,
				E5EE35311EF42C60000B190A /* GenericResponseHandler.swift */,
				E5EE35341EF42CA7000B190A /* RequestManager.swift */,
				E5EE35361EF42CDB000B190A /* FlickrService.swift */,
			);
			path = NetworkLayer;
			sourceTree = "<group>";
		};
		E5EE35331EF42C8F000B190A /* ApiModel */ = {
			isa = PBXGroup;
			children = (
				E5EE352D1EF42BF3000B190A /* NetworkConstants.swift */,
				E5EE35381EF42CFD000B190A /* GetImageListRequestModels.swift */,
			);
			path = ApiModel;
			sourceTree = "<group>";
		};
/* End PBXGroup section */

/* Begin PBXNativeTarget section */
		E5EE34F81EF41C36000B190A /* FlickrSearch */ = {
			isa = PBXNativeTarget;
			buildConfigurationList = E5EE35211EF41C36000B190A /* Build configuration list for PBXNativeTarget "FlickrSearch" */;
			buildPhases = (
				4D9A45E5AC0D3A7A74427061 /* [CP] Check Pods Manifest.lock */,
				E5EE34F51EF41C36000B190A /* Sources */,
				E5EE34F61EF41C36000B190A /* Frameworks */,
				E5EE34F71EF41C36000B190A /* Resources */,
				9AB0EFCFF827B1D42EED88F7 /* [CP] Embed Pods Frameworks */,
				EF7D23F2106E34CAA693DE6C /* [CP] Copy Pods Resources */,
			);
			buildRules = (
			);
			dependencies = (
			);
			name = FlickrSearch;
			productName = FlickrSearch;
			productReference = E5EE34F91EF41C36000B190A /* FlickrSearch.app */;
			productType = "com.apple.product-type.application";
		};
		E5EE350C1EF41C36000B190A /* FlickrSearchTests */ = {
			isa = PBXNativeTarget;
			buildConfigurationList = E5EE35241EF41C36000B190A /* Build configuration list for PBXNativeTarget "FlickrSearchTests" */;
			buildPhases = (
				B70FC5A6D130E2813D946C8A /* [CP] Check Pods Manifest.lock */,
				E5EE35091EF41C36000B190A /* Sources */,
				E5EE350A1EF41C36000B190A /* Frameworks */,
				E5EE350B1EF41C36000B190A /* Resources */,
				CFC673B30E577852EEDEF029 /* [CP] Embed Pods Frameworks */,
				9374243F6CB54BF966D25736 /* [CP] Copy Pods Resources */,
			);
			buildRules = (
			);
			dependencies = (
				E5EE350F1EF41C36000B190A /* PBXTargetDependency */,
			);
			name = FlickrSearchTests;
			productName = FlickrSearchTests;
			productReference = E5EE350D1EF41C36000B190A /* FlickrSearchTests.xctest */;
			productType = "com.apple.product-type.bundle.unit-test";
		};
		E5EE35171EF41C36000B190A /* FlickrSearchUITests */ = {
			isa = PBXNativeTarget;
			buildConfigurationList = E5EE35271EF41C36000B190A /* Build configuration list for PBXNativeTarget "FlickrSearchUITests" */;
			buildPhases = (
				F372B7FB19C638AB78BF77BB /* [CP] Check Pods Manifest.lock */,
				E5EE35141EF41C36000B190A /* Sources */,
				E5EE35151EF41C36000B190A /* Frameworks */,
				E5EE35161EF41C36000B190A /* Resources */,
				6B9222892E5641747006F31F /* [CP] Embed Pods Frameworks */,
				C99FF7D780D7267617426C77 /* [CP] Copy Pods Resources */,
			);
			buildRules = (
			);
			dependencies = (
				E5EE351A1EF41C36000B190A /* PBXTargetDependency */,
			);
			name = FlickrSearchUITests;
			productName = FlickrSearchUITests;
			productReference = E5EE35181EF41C36000B190A /* FlickrSearchUITests.xctest */;
			productType = "com.apple.product-type.bundle.ui-testing";
		};
/* End PBXNativeTarget section */

/* Begin PBXProject section */
		E5EE34F11EF41C36000B190A /* Project object */ = {
			isa = PBXProject;
			attributes = {
				LastSwiftUpdateCheck = 0830;
				LastUpgradeCheck = 0830;
				ORGANIZATIONNAME = "Himadri Jyoti";
				TargetAttributes = {
					E5EE34F81EF41C36000B190A = {
						CreatedOnToolsVersion = 8.3.3;
						DevelopmentTeam = 9GW78CXC2W;
						ProvisioningStyle = Automatic;
					};
					E5EE350C1EF41C36000B190A = {
						CreatedOnToolsVersion = 8.3.3;
						DevelopmentTeam = 9GW78CXC2W;
						LastSwiftMigration = 0830;
						ProvisioningStyle = Automatic;
						TestTargetID = E5EE34F81EF41C36000B190A;
					};
					E5EE35171EF41C36000B190A = {
						CreatedOnToolsVersion = 8.3.3;
						DevelopmentTeam = 9GW78CXC2W;
						ProvisioningStyle = Automatic;
						TestTargetID = E5EE34F81EF41C36000B190A;
					};
				};
			};
			buildConfigurationList = E5EE34F41EF41C36000B190A /* Build configuration list for PBXProject "FlickrSearch" */;
			compatibilityVersion = "Xcode 3.2";
			developmentRegion = English;
			hasScannedForEncodings = 0;
			knownRegions = (
				en,
				Base,
			);
			mainGroup = E5EE34F01EF41C36000B190A;
			productRefGroup = E5EE34FA1EF41C36000B190A /* Products */;
			projectDirPath = "";
			projectRoot = "";
			targets = (
				E5EE34F81EF41C36000B190A /* FlickrSearch */,
				E5EE350C1EF41C36000B190A /* FlickrSearchTests */,
				E5EE35171EF41C36000B190A /* FlickrSearchUITests */,
			);
		};
/* End PBXProject section */

/* Begin PBXResourcesBuildPhase section */
		E5EE34F71EF41C36000B190A /* Resources */ = {
			isa = PBXResourcesBuildPhase;
			buildActionMask = 2147483647;
			files = (
				E5EE35071EF41C36000B190A /* LaunchScreen.storyboard in Resources */,
				E5EE35041EF41C36000B190A /* Assets.xcassets in Resources */,
				E5EE35021EF41C36000B190A /* Main.storyboard in Resources */,
			);
			runOnlyForDeploymentPostprocessing = 0;
		};
		E5EE350B1EF41C36000B190A /* Resources */ = {
			isa = PBXResourcesBuildPhase;
			buildActionMask = 2147483647;
			files = (
				E5EE353D1EF45A4D000B190A /* ImageSearchResult.json in Resources */,
			);
			runOnlyForDeploymentPostprocessing = 0;
		};
		E5EE35161EF41C36000B190A /* Resources */ = {
			isa = PBXResourcesBuildPhase;
			buildActionMask = 2147483647;
			files = (
			);
			runOnlyForDeploymentPostprocessing = 0;
		};
/* End PBXResourcesBuildPhase section */

/* Begin PBXShellScriptBuildPhase section */
		4D9A45E5AC0D3A7A74427061 /* [CP] Check Pods Manifest.lock */ = {
			isa = PBXShellScriptBuildPhase;
			buildActionMask = 2147483647;
			files = (
			);
			inputPaths = (
			);
			name = "[CP] Check Pods Manifest.lock";
			outputPaths = (
			);
			runOnlyForDeploymentPostprocessing = 0;
			shellPath = /bin/sh;
			shellScript = "diff \"${PODS_PODFILE_DIR_PATH}/Podfile.lock\" \"${PODS_ROOT}/Manifest.lock\" > /dev/null\nif [ $? != 0 ] ; then\n    # print error to STDERR\n    echo \"error: The sandbox is not in sync with the Podfile.lock. Run 'pod install' or update your CocoaPods installation.\" >&2\n    exit 1\nfi\n";
			showEnvVarsInLog = 0;
		};
		6B9222892E5641747006F31F /* [CP] Embed Pods Frameworks */ = {
			isa = PBXShellScriptBuildPhase;
			buildActionMask = 2147483647;
			files = (
			);
			inputPaths = (
			);
			name = "[CP] Embed Pods Frameworks";
			outputPaths = (
			);
			runOnlyForDeploymentPostprocessing = 0;
			shellPath = /bin/sh;
			shellScript = "\"${SRCROOT}/Pods/Target Support Files/Pods-FlickrSearchUITests/Pods-FlickrSearchUITests-frameworks.sh\"\n";
			showEnvVarsInLog = 0;
		};
		9374243F6CB54BF966D25736 /* [CP] Copy Pods Resources */ = {
			isa = PBXShellScriptBuildPhase;
			buildActionMask = 2147483647;
			files = (
			);
			inputPaths = (
			);
			name = "[CP] Copy Pods Resources";
			outputPaths = (
			);
			runOnlyForDeploymentPostprocessing = 0;
			shellPath = /bin/sh;
			shellScript = "\"${SRCROOT}/Pods/Target Support Files/Pods-FlickrSearchTests/Pods-FlickrSearchTests-resources.sh\"\n";
			showEnvVarsInLog = 0;
		};
		9AB0EFCFF827B1D42EED88F7 /* [CP] Embed Pods Frameworks */ = {
			isa = PBXShellScriptBuildPhase;
			buildActionMask = 2147483647;
			files = (
			);
			inputPaths = (
			);
			name = "[CP] Embed Pods Frameworks";
			outputPaths = (
			);
			runOnlyForDeploymentPostprocessing = 0;
			shellPath = /bin/sh;
			shellScript = "\"${SRCROOT}/Pods/Target Support Files/Pods-FlickrSearch/Pods-FlickrSearch-frameworks.sh\"\n";
			showEnvVarsInLog = 0;
		};
		B70FC5A6D130E2813D946C8A /* [CP] Check Pods Manifest.lock */ = {
			isa = PBXShellScriptBuildPhase;
			buildActionMask = 2147483647;
			files = (
			);
			inputPaths = (
			);
			name = "[CP] Check Pods Manifest.lock";
			outputPaths = (
			);
			runOnlyForDeploymentPostprocessing = 0;
			shellPath = /bin/sh;
			shellScript = "diff \"${PODS_PODFILE_DIR_PATH}/Podfile.lock\" \"${PODS_ROOT}/Manifest.lock\" > /dev/null\nif [ $? != 0 ] ; then\n    # print error to STDERR\n    echo \"error: The sandbox is not in sync with the Podfile.lock. Run 'pod install' or update your CocoaPods installation.\" >&2\n    exit 1\nfi\n";
			showEnvVarsInLog = 0;
		};
		C99FF7D780D7267617426C77 /* [CP] Copy Pods Resources */ = {
			isa = PBXShellScriptBuildPhase;
			buildActionMask = 2147483647;
			files = (
			);
			inputPaths = (
			);
			name = "[CP] Copy Pods Resources";
			outputPaths = (
			);
			runOnlyForDeploymentPostprocessing = 0;
			shellPath = /bin/sh;
			shellScript = "\"${SRCROOT}/Pods/Target Support Files/Pods-FlickrSearchUITests/Pods-FlickrSearchUITests-resources.sh\"\n";
			showEnvVarsInLog = 0;
		};
		CFC673B30E577852EEDEF029 /* [CP] Embed Pods Frameworks */ = {
			isa = PBXShellScriptBuildPhase;
			buildActionMask = 2147483647;
			files = (
			);
			inputPaths = (
			);
			name = "[CP] Embed Pods Frameworks";
			outputPaths = (
			);
			runOnlyForDeploymentPostprocessing = 0;
			shellPath = /bin/sh;
			shellScript = "\"${SRCROOT}/Pods/Target Support Files/Pods-FlickrSearchTests/Pods-FlickrSearchTests-frameworks.sh\"\n";
			showEnvVarsInLog = 0;
		};
		EF7D23F2106E34CAA693DE6C /* [CP] Copy Pods Resources */ = {
			isa = PBXShellScriptBuildPhase;
			buildActionMask = 2147483647;
			files = (
			);
			inputPaths = (
			);
			name = "[CP] Copy Pods Resources";
			outputPaths = (
			);
			runOnlyForDeploymentPostprocessing = 0;
			shellPath = /bin/sh;
			shellScript = "\"${SRCROOT}/Pods/Target Support Files/Pods-FlickrSearch/Pods-FlickrSearch-resources.sh\"\n";
			showEnvVarsInLog = 0;
		};
		F372B7FB19C638AB78BF77BB /* [CP] Check Pods Manifest.lock */ = {
			isa = PBXShellScriptBuildPhase;
			buildActionMask = 2147483647;
			files = (
			);
			inputPaths = (
			);
			name = "[CP] Check Pods Manifest.lock";
			outputPaths = (
			);
			runOnlyForDeploymentPostprocessing = 0;
			shellPath = /bin/sh;
			shellScript = "diff \"${PODS_PODFILE_DIR_PATH}/Podfile.lock\" \"${PODS_ROOT}/Manifest.lock\" > /dev/null\nif [ $? != 0 ] ; then\n    # print error to STDERR\n    echo \"error: The sandbox is not in sync with the Podfile.lock. Run 'pod install' or update your CocoaPods installation.\" >&2\n    exit 1\nfi\n";
			showEnvVarsInLog = 0;
		};
/* End PBXShellScriptBuildPhase section */

/* Begin PBXSourcesBuildPhase section */
		E5EE34F51EF41C36000B190A /* Sources */ = {
			isa = PBXSourcesBuildPhase;
			buildActionMask = 2147483647;
			files = (
				E5EE352E1EF42BF3000B190A /* NetworkConstants.swift in Sources */,
				E5EE34FF1EF41C36000B190A /* ViewController.swift in Sources */,
				E5EE35371EF42CDB000B190A /* FlickrService.swift in Sources */,
				E5EE35391EF42CFD000B190A /* GetImageListRequestModels.swift in Sources */,
				E5EE35301EF42C2D000B190A /* StrictMappable.swift in Sources */,
				E5EE34FD1EF41C36000B190A /* AppDelegate.swift in Sources */,
				E5EE35351EF42CA7000B190A /* RequestManager.swift in Sources */,
				E5EE352C1EF42BA7000B190A /* NetworkLayerProtocols.swift in Sources */,
				E5EE35321EF42C60000B190A /* GenericResponseHandler.swift in Sources */,
			);
			runOnlyForDeploymentPostprocessing = 0;
		};
		E5EE35091EF41C36000B190A /* Sources */ = {
			isa = PBXSourcesBuildPhase;
			buildActionMask = 2147483647;
			files = (
				E5EE353B1EF459FA000B190A /* JsonParsingTests.swift in Sources */,
			);
			runOnlyForDeploymentPostprocessing = 0;
		};
		E5EE35141EF41C36000B190A /* Sources */ = {
			isa = PBXSourcesBuildPhase;
			buildActionMask = 2147483647;
			files = (
				E5EE351D1EF41C36000B190A /* FlickrSearchUITests.swift in Sources */,
			);
			runOnlyForDeploymentPostprocessing = 0;
		};
/* End PBXSourcesBuildPhase section */

/* Begin PBXTargetDependency section */
		E5EE350F1EF41C36000B190A /* PBXTargetDependency */ = {
			isa = PBXTargetDependency;
			target = E5EE34F81EF41C36000B190A /* FlickrSearch */;
			targetProxy = E5EE350E1EF41C36000B190A /* PBXContainerItemProxy */;
		};
		E5EE351A1EF41C36000B190A /* PBXTargetDependency */ = {
			isa = PBXTargetDependency;
			target = E5EE34F81EF41C36000B190A /* FlickrSearch */;
			targetProxy = E5EE35191EF41C36000B190A /* PBXContainerItemProxy */;
		};
/* End PBXTargetDependency section */

/* Begin PBXVariantGroup section */
		E5EE35001EF41C36000B190A /* Main.storyboard */ = {
			isa = PBXVariantGroup;
			children = (
				E5EE35011EF41C36000B190A /* Base */,
			);
			name = Main.storyboard;
			sourceTree = "<group>";
		};
		E5EE35051EF41C36000B190A /* LaunchScreen.storyboard */ = {
			isa = PBXVariantGroup;
			children = (
				E5EE35061EF41C36000B190A /* Base */,
			);
			name = LaunchScreen.storyboard;
			sourceTree = "<group>";
		};
/* End PBXVariantGroup section */

/* Begin XCBuildConfiguration section */
		E5EE351F1EF41C36000B190A /* Debug */ = {
			isa = XCBuildConfiguration;
			buildSettings = {
				ALWAYS_SEARCH_USER_PATHS = NO;
				CLANG_ANALYZER_NONNULL = YES;
				CLANG_ANALYZER_NUMBER_OBJECT_CONVERSION = YES_AGGRESSIVE;
				CLANG_CXX_LANGUAGE_STANDARD = "gnu++0x";
				CLANG_CXX_LIBRARY = "libc++";
				CLANG_ENABLE_MODULES = YES;
				CLANG_ENABLE_OBJC_ARC = YES;
				CLANG_WARN_BOOL_CONVERSION = YES;
				CLANG_WARN_CONSTANT_CONVERSION = YES;
				CLANG_WARN_DIRECT_OBJC_ISA_USAGE = YES_ERROR;
				CLANG_WARN_DOCUMENTATION_COMMENTS = YES;
				CLANG_WARN_EMPTY_BODY = YES;
				CLANG_WARN_ENUM_CONVERSION = YES;
				CLANG_WARN_INFINITE_RECURSION = YES;
				CLANG_WARN_INT_CONVERSION = YES;
				CLANG_WARN_OBJC_ROOT_CLASS = YES_ERROR;
				CLANG_WARN_SUSPICIOUS_MOVE = YES;
				CLANG_WARN_UNREACHABLE_CODE = YES;
				CLANG_WARN__DUPLICATE_METHOD_MATCH = YES;
				"CODE_SIGN_IDENTITY[sdk=iphoneos*]" = "iPhone Developer";
				COPY_PHASE_STRIP = NO;
				DEBUG_INFORMATION_FORMAT = dwarf;
				ENABLE_STRICT_OBJC_MSGSEND = YES;
				ENABLE_TESTABILITY = YES;
				GCC_C_LANGUAGE_STANDARD = gnu99;
				GCC_DYNAMIC_NO_PIC = NO;
				GCC_NO_COMMON_BLOCKS = YES;
				GCC_OPTIMIZATION_LEVEL = 0;
				GCC_PREPROCESSOR_DEFINITIONS = (
					"DEBUG=1",
					"$(inherited)",
				);
				GCC_WARN_64_TO_32_BIT_CONVERSION = YES;
				GCC_WARN_ABOUT_RETURN_TYPE = YES_ERROR;
				GCC_WARN_UNDECLARED_SELECTOR = YES;
				GCC_WARN_UNINITIALIZED_AUTOS = YES_AGGRESSIVE;
				GCC_WARN_UNUSED_FUNCTION = YES;
				GCC_WARN_UNUSED_VARIABLE = YES;
				IPHONEOS_DEPLOYMENT_TARGET = 10.3;
				MTL_ENABLE_DEBUG_INFO = YES;
				ONLY_ACTIVE_ARCH = YES;
				SDKROOT = iphoneos;
				SWIFT_ACTIVE_COMPILATION_CONDITIONS = DEBUG;
				SWIFT_OPTIMIZATION_LEVEL = "-Onone";
			};
			name = Debug;
		};
		E5EE35201EF41C36000B190A /* Release */ = {
			isa = XCBuildConfiguration;
			buildSettings = {
				ALWAYS_SEARCH_USER_PATHS = NO;
				CLANG_ANALYZER_NONNULL = YES;
				CLANG_ANALYZER_NUMBER_OBJECT_CONVERSION = YES_AGGRESSIVE;
				CLANG_CXX_LANGUAGE_STANDARD = "gnu++0x";
				CLANG_CXX_LIBRARY = "libc++";
				CLANG_ENABLE_MODULES = YES;
				CLANG_ENABLE_OBJC_ARC = YES;
				CLANG_WARN_BOOL_CONVERSION = YES;
				CLANG_WARN_CONSTANT_CONVERSION = YES;
				CLANG_WARN_DIRECT_OBJC_ISA_USAGE = YES_ERROR;
				CLANG_WARN_DOCUMENTATION_COMMENTS = YES;
				CLANG_WARN_EMPTY_BODY = YES;
				CLANG_WARN_ENUM_CONVERSION = YES;
				CLANG_WARN_INFINITE_RECURSION = YES;
				CLANG_WARN_INT_CONVERSION = YES;
				CLANG_WARN_OBJC_ROOT_CLASS = YES_ERROR;
				CLANG_WARN_SUSPICIOUS_MOVE = YES;
				CLANG_WARN_UNREACHABLE_CODE = YES;
				CLANG_WARN__DUPLICATE_METHOD_MATCH = YES;
				"CODE_SIGN_IDENTITY[sdk=iphoneos*]" = "iPhone Developer";
				COPY_PHASE_STRIP = NO;
				DEBUG_INFORMATION_FORMAT = "dwarf-with-dsym";
				ENABLE_NS_ASSERTIONS = NO;
				ENABLE_STRICT_OBJC_MSGSEND = YES;
				GCC_C_LANGUAGE_STANDARD = gnu99;
				GCC_NO_COMMON_BLOCKS = YES;
				GCC_WARN_64_TO_32_BIT_CONVERSION = YES;
				GCC_WARN_ABOUT_RETURN_TYPE = YES_ERROR;
				GCC_WARN_UNDECLARED_SELECTOR = YES;
				GCC_WARN_UNINITIALIZED_AUTOS = YES_AGGRESSIVE;
				GCC_WARN_UNUSED_FUNCTION = YES;
				GCC_WARN_UNUSED_VARIABLE = YES;
				IPHONEOS_DEPLOYMENT_TARGET = 10.3;
				MTL_ENABLE_DEBUG_INFO = NO;
				SDKROOT = iphoneos;
				SWIFT_OPTIMIZATION_LEVEL = "-Owholemodule";
				VALIDATE_PRODUCT = YES;
			};
			name = Release;
		};
		E5EE35221EF41C36000B190A /* Debug */ = {
			isa = XCBuildConfiguration;
			baseConfigurationReference = 004DB37B14014CC7A8FA0ACC /* Pods-FlickrSearch.debug.xcconfig */;
			buildSettings = {
				ASSETCATALOG_COMPILER_APPICON_NAME = AppIcon;
				DEVELOPMENT_TEAM = 9GW78CXC2W;
				INFOPLIST_FILE = FlickrSearch/Info.plist;
				LD_RUNPATH_SEARCH_PATHS = "$(inherited) @executable_path/Frameworks";
				PRODUCT_BUNDLE_IDENTIFIER = com.himadrisj.FlickrSearch;
				PRODUCT_NAME = "$(TARGET_NAME)";
				SWIFT_VERSION = 3.0;
			};
			name = Debug;
		};
		E5EE35231EF41C36000B190A /* Release */ = {
			isa = XCBuildConfiguration;
			baseConfigurationReference = 1BEC497E626FB502848D65D0 /* Pods-FlickrSearch.release.xcconfig */;
			buildSettings = {
				ASSETCATALOG_COMPILER_APPICON_NAME = AppIcon;
				DEVELOPMENT_TEAM = 9GW78CXC2W;
				INFOPLIST_FILE = FlickrSearch/Info.plist;
				LD_RUNPATH_SEARCH_PATHS = "$(inherited) @executable_path/Frameworks";
				PRODUCT_BUNDLE_IDENTIFIER = com.himadrisj.FlickrSearch;
				PRODUCT_NAME = "$(TARGET_NAME)";
				SWIFT_VERSION = 3.0;
			};
			name = Release;
		};
		E5EE35251EF41C36000B190A /* Debug */ = {
			isa = XCBuildConfiguration;
			baseConfigurationReference = F680A9DF391C53404614C15D /* Pods-FlickrSearchTests.debug.xcconfig */;
			buildSettings = {
				ALWAYS_EMBED_SWIFT_STANDARD_LIBRARIES = YES;
				BUNDLE_LOADER = "$(TEST_HOST)";
				CLANG_ENABLE_MODULES = YES;
				DEVELOPMENT_TEAM = 9GW78CXC2W;
				INFOPLIST_FILE = FlickrSearchTests/Info.plist;
				LD_RUNPATH_SEARCH_PATHS = "$(inherited) @executable_path/Frameworks @loader_path/Frameworks";
				PRODUCT_BUNDLE_IDENTIFIER = com.himadrisj.FlickrSearchTests;
				PRODUCT_NAME = "$(TARGET_NAME)";
				SWIFT_OPTIMIZATION_LEVEL = "-Onone";
				SWIFT_VERSION = 3.0;
				TEST_HOST = "$(BUILT_PRODUCTS_DIR)/FlickrSearch.app/FlickrSearch";
			};
			name = Debug;
		};
		E5EE35261EF41C36000B190A /* Release */ = {
			isa = XCBuildConfiguration;
			baseConfigurationReference = CCD9C8BBDBE1F54480177953 /* Pods-FlickrSearchTests.release.xcconfig */;
			buildSettings = {
				ALWAYS_EMBED_SWIFT_STANDARD_LIBRARIES = YES;
				BUNDLE_LOADER = "$(TEST_HOST)";
				CLANG_ENABLE_MODULES = YES;
				DEVELOPMENT_TEAM = 9GW78CXC2W;
				INFOPLIST_FILE = FlickrSearchTests/Info.plist;
				LD_RUNPATH_SEARCH_PATHS = "$(inherited) @executable_path/Frameworks @loader_path/Frameworks";
				PRODUCT_BUNDLE_IDENTIFIER = com.himadrisj.FlickrSearchTests;
				PRODUCT_NAME = "$(TARGET_NAME)";
				SWIFT_VERSION = 3.0;
				TEST_HOST = "$(BUILT_PRODUCTS_DIR)/FlickrSearch.app/FlickrSearch";
			};
			name = Release;
		};
		E5EE35281EF41C36000B190A /* Debug */ = {
			isa = XCBuildConfiguration;
			baseConfigurationReference = E8C6CE129E5E9814A961AABB /* Pods-FlickrSearchUITests.debug.xcconfig */;
			buildSettings = {
				ALWAYS_EMBED_SWIFT_STANDARD_LIBRARIES = YES;
				DEVELOPMENT_TEAM = 9GW78CXC2W;
				INFOPLIST_FILE = FlickrSearchUITests/Info.plist;
				LD_RUNPATH_SEARCH_PATHS = "$(inherited) @executable_path/Frameworks @loader_path/Frameworks";
				PRODUCT_BUNDLE_IDENTIFIER = com.himadrisj.FlickrSearchUITests;
				PRODUCT_NAME = "$(TARGET_NAME)";
				SWIFT_VERSION = 3.0;
				TEST_TARGET_NAME = FlickrSearch;
			};
			name = Debug;
		};
		E5EE35291EF41C36000B190A /* Release */ = {
			isa = XCBuildConfiguration;
			baseConfigurationReference = 508795293F418ED2B8DA72F9 /* Pods-FlickrSearchUITests.release.xcconfig */;
			buildSettings = {
				ALWAYS_EMBED_SWIFT_STANDARD_LIBRARIES = YES;
				DEVELOPMENT_TEAM = 9GW78CXC2W;
				INFOPLIST_FILE = FlickrSearchUITests/Info.plist;
				LD_RUNPATH_SEARCH_PATHS = "$(inherited) @executable_path/Frameworks @loader_path/Frameworks";
				PRODUCT_BUNDLE_IDENTIFIER = com.himadrisj.FlickrSearchUITests;
				PRODUCT_NAME = "$(TARGET_NAME)";
				SWIFT_VERSION = 3.0;
				TEST_TARGET_NAME = FlickrSearch;
			};
			name = Release;
		};
/* End XCBuildConfiguration section */

/* Begin XCConfigurationList section */
		E5EE34F41EF41C36000B190A /* Build configuration list for PBXProject "FlickrSearch" */ = {
			isa = XCConfigurationList;
			buildConfigurations = (
				E5EE351F1EF41C36000B190A /* Debug */,
				E5EE35201EF41C36000B190A /* Release */,
			);
			defaultConfigurationIsVisible = 0;
			defaultConfigurationName = Release;
		};
		E5EE35211EF41C36000B190A /* Build configuration list for PBXNativeTarget "FlickrSearch" */ = {
			isa = XCConfigurationList;
			buildConfigurations = (
				E5EE35221EF41C36000B190A /* Debug */,
				E5EE35231EF41C36000B190A /* Release */,
			);
			defaultConfigurationIsVisible = 0;
			defaultConfigurationName = Release;
		};
		E5EE35241EF41C36000B190A /* Build configuration list for PBXNativeTarget "FlickrSearchTests" */ = {
			isa = XCConfigurationList;
			buildConfigurations = (
				E5EE35251EF41C36000B190A /* Debug */,
				E5EE35261EF41C36000B190A /* Release */,
			);
			defaultConfigurationIsVisible = 0;
			defaultConfigurationName = Release;
		};
		E5EE35271EF41C36000B190A /* Build configuration list for PBXNativeTarget "FlickrSearchUITests" */ = {
			isa = XCConfigurationList;
			buildConfigurations = (
				E5EE35281EF41C36000B190A /* Debug */,
				E5EE35291EF41C36000B190A /* Release */,
			);
			defaultConfigurationIsVisible = 0;
			defaultConfigurationName = Release;
		};
/* End XCConfigurationList section */
	};
	rootObject = E5EE34F11EF41C36000B190A /* Project object */;
}
